
Microsoft Visual Studio Solution File, Format Version 12.00
# Visual Studio Version 17
VisualStudioVersion = 17.13.35919.96
MinimumVisualStudioVersion = 10.0.40219.1
Project("{FAE04EC0-301F-11D3-BF4B-00C04F79EFBC}") = "Lab__CSDL", "Lab__CSDL\Lab__CSDL.csproj", "{258B8683-9F40-4CA1-BE82-35D8ECB34546}"
EndProject
Project("{FAE04EC0-301F-11D3-BF4B-00C04F79EFBC}") = "DemoLayout", "DemoLayout\DemoLayout.csproj", "{4E355D0D-1BCD-4CF7-90B6-8ED1E5D71968}"
EndProject
Global
	GlobalSection(SolutionConfigurationPlatforms) = preSolution
		Debug|Any CPU = Debug|Any CPU
		Release|Any CPU = Release|Any CPU
	EndGlobalSection
	GlobalSection(ProjectConfigurationPlatforms) = postSolution
		{258B8683-9F40-4CA1-BE82-35D8ECB34546}.Debug|Any CPU.ActiveCfg = Debug|Any CPU
		{258B8683-9F40-4CA1-BE82-35D8ECB34546}.Debug|Any CPU.Build.0 = Debug|Any CPU
		{258B8683-9F40-4CA1-BE82-35D8ECB34546}.Release|Any CPU.ActiveCfg = Release|Any CPU
		{258B8683-9F40-4CA1-BE82-35D8ECB34546}.Release|Any CPU.Build.0 = Release|Any CPU
		{4E355D0D-1BCD-4CF7-90B6-8ED1E5D71968}.Debug|Any CPU.ActiveCfg = Debug|Any CPU
		{4E355D0D-1BCD-4CF7-90B6-8ED1E5D71968}.Debug|Any CPU.Build.0 = Debug|Any CPU
		{4E355D0D-1BCD-4CF7-90B6-8ED1E5D71968}.Release|Any CPU.ActiveCfg = Release|Any CPU
		{4E355D0D-1BCD-4CF7-90B6-8ED1E5D71968}.Release|Any CPU.Build.0 = Release|Any CPU
	EndGlobalSection
	GlobalSection(SolutionProperties) = preSolution
		HideSolutionNode = FALSE
	EndGlobalSection
	GlobalSection(ExtensibilityGlobals) = postSolution
		SolutionGuid = {7A133491-4005-4E75-BF9E-4F347601A123}
	EndGlobalSection
EndGlobal
